
Microsoft Visual Studio Solution File, Format Version 12.00
# Visual Studio Version 17
VisualStudioVersion = 17.5.33424.131
MinimumVisualStudioVersion = 10.0.40219.1
Project("{9A19103F-16F7-4668-BE54-9A1E7A4F7556}") = "SamwelWeb", "SamwelWeb\SamwelWeb.csproj", "{3D53A25D-0976-460E-8AE8-6F3F1AD3645A}"
EndProject
Project("{FAE04EC0-301F-11D3-BF4B-00C04F79EFBC}") = "Samwel.DataAccess", "Samwel.DataAccess\Samwel.DataAccess.csproj", "{856E6CD3-7264-4E47-B03D-B3315C35FD10}"
EndProject
Project("{FAE04EC0-301F-11D3-BF4B-00C04F79EFBC}") = "Samwel.Models", "Samwel.Models\Samwel.Models.csproj", "{9095059C-D2AD-4BD5-B7AA-3382EEB1EC52}"
EndProject
Project("{FAE04EC0-301F-11D3-BF4B-00C04F79EFBC}") = "Samwel.Utility", "Samwel.Utility\Samwel.Utility.csproj", "{935D34DA-B7D8-4C32-B44E-C880E4F85BC2}"
EndProject
Global
	GlobalSection(SolutionConfigurationPlatforms) = preSolution
		Debug|Any CPU = Debug|Any CPU
		Release|Any CPU = Release|Any CPU
	EndGlobalSection
	GlobalSection(ProjectConfigurationPlatforms) = postSolution
		{3D53A25D-0976-460E-8AE8-6F3F1AD3645A}.Debug|Any CPU.ActiveCfg = Debug|Any CPU
		{3D53A25D-0976-460E-8AE8-6F3F1AD3645A}.Debug|Any CPU.Build.0 = Debug|Any CPU
		{3D53A25D-0976-460E-8AE8-6F3F1AD3645A}.Release|Any CPU.ActiveCfg = Release|Any CPU
		{3D53A25D-0976-460E-8AE8-6F3F1AD3645A}.Release|Any CPU.Build.0 = Release|Any CPU
		{856E6CD3-7264-4E47-B03D-B3315C35FD10}.Debug|Any CPU.ActiveCfg = Debug|Any CPU
		{856E6CD3-7264-4E47-B03D-B3315C35FD10}.Debug|Any CPU.Build.0 = Debug|Any CPU
		{856E6CD3-7264-4E47-B03D-B3315C35FD10}.Release|Any CPU.ActiveCfg = Release|Any CPU
		{856E6CD3-7264-4E47-B03D-B3315C35FD10}.Release|Any CPU.Build.0 = Release|Any CPU
		{9095059C-D2AD-4BD5-B7AA-3382EEB1EC52}.Debug|Any CPU.ActiveCfg = Debug|Any CPU
		{9095059C-D2AD-4BD5-B7AA-3382EEB1EC52}.Debug|Any CPU.Build.0 = Debug|Any CPU
		{9095059C-D2AD-4BD5-B7AA-3382EEB1EC52}.Release|Any CPU.ActiveCfg = Release|Any CPU
		{9095059C-D2AD-4BD5-B7AA-3382EEB1EC52}.Release|Any CPU.Build.0 = Release|Any CPU
		{935D34DA-B7D8-4C32-B44E-C880E4F85BC2}.Debug|Any CPU.ActiveCfg = Debug|Any CPU
		{935D34DA-B7D8-4C32-B44E-C880E4F85BC2}.Debug|Any CPU.Build.0 = Debug|Any CPU
		{935D34DA-B7D8-4C32-B44E-C880E4F85BC2}.Release|Any CPU.ActiveCfg = Release|Any CPU
		{935D34DA-B7D8-4C32-B44E-C880E4F85BC2}.Release|Any CPU.Build.0 = Release|Any CPU
	EndGlobalSection
	GlobalSection(SolutionProperties) = preSolution
		HideSolutionNode = FALSE
	EndGlobalSection
	GlobalSection(ExtensibilityGlobals) = postSolution
		SolutionGuid = {86514DFC-81D3-43AE-BFDC-336A4E56D0C4}
	EndGlobalSection
EndGlobal
